
Microsoft Visual Studio Solution File, Format Version 12.00
# Visual Studio Version 17
VisualStudioVersion = 17.14.37111.16 d17.14
MinimumVisualStudioVersion = 10.0.40219.1
Project("{FAE04EC0-301F-11D3-BF4B-00C04F79EFBC}") = "FurnitureShopApi", "FurnitureShopApi\FurnitureShopApi.csproj", "{EEA271C2-9B84-476D-8985-091C25D53695}"
EndProject
Global
	GlobalSection(SolutionConfigurationPlatforms) = preSolution
		Debug|Any CPU = Debug|Any CPU
		Release|Any CPU = Release|Any CPU
	EndGlobalSection
	GlobalSection(ProjectConfigurationPlatforms) = postSolution
		{EEA271C2-9B84-476D-8985-091C25D53695}.Debug|Any CPU.ActiveCfg = Debug|Any CPU
		{EEA271C2-9B84-476D-8985-091C25D53695}.Debug|Any CPU.Build.0 = Debug|Any CPU
		{EEA271C2-9B84-476D-8985-091C25D53695}.Release|Any CPU.ActiveCfg = Release|Any CPU
		{EEA271C2-9B84-476D-8985-091C25D53695}.Release|Any CPU.Build.0 = Release|Any CPU
	EndGlobalSection
	GlobalSection(SolutionProperties) = preSolution
		HideSolutionNode = FALSE
	EndGlobalSection
	GlobalSection(ExtensibilityGlobals) = postSolution
		SolutionGuid = {8EE32BEC-BF8B-43DF-A33E-15E5EA286A52}
	EndGlobalSection
EndGlobal
